
Microsoft Visual Studio Solution File, Format Version 12.00
# Visual Studio 2012
Project("{8BC9CEB8-8B4A-11D0-8D11-00A0C91BC942}") = "IGAExtractor", "IGAExtractor\IGAExtractor.vcxproj", "{FB441D90-C3C9-4BDC-8B96-4177C726BB8C}"
EndProject
Global
	GlobalSection(SolutionConfigurationPlatforms) = preSolution
		Debug|Win32 = Debug|Win32
		Release|Win32 = Release|Win32
	EndGlobalSection
	GlobalSection(ProjectConfigurationPlatforms) = postSolution
		{FB441D90-C3C9-4BDC-8B96-4177C726BB8C}.Debug|Win32.ActiveCfg = Debug|Win32
		{FB441D90-C3C9-4BDC-8B96-4177C726BB8C}.Debug|Win32.Build.0 = Debug|Win32
		{FB441D90-C3C9-4BDC-8B96-4177C726BB8C}.Release|Win32.ActiveCfg = Release|Win32
		{FB441D90-C3C9-4BDC-8B96-4177C726BB8C}.Release|Win32.Build.0 = Release|Win32
	EndGlobalSection
	GlobalSection(SolutionProperties) = preSolution
		HideSolutionNode = FALSE
	EndGlobalSection
EndGlobal
